
Microsoft Visual Studio Solution File, Format Version 12.00
Project("{FAE04EC0-301F-11D3-BF4B-00C04F79EFBC}") = "Months", "Months.csproj", "{1C8AAF34-70F1-416C-8C84-6AFF56EB2D7D}"
EndProject
Global
	GlobalSection(SolutionConfigurationPlatforms) = preSolution
		Debug|Any CPU = Debug|Any CPU
		Release|Any CPU = Release|Any CPU
	EndGlobalSection
	GlobalSection(ProjectConfigurationPlatforms) = postSolution
		{1C8AAF34-70F1-416C-8C84-6AFF56EB2D7D}.Debug|Any CPU.ActiveCfg = Debug|Any CPU
		{1C8AAF34-70F1-416C-8C84-6AFF56EB2D7D}.Debug|Any CPU.Build.0 = Debug|Any CPU
		{1C8AAF34-70F1-416C-8C84-6AFF56EB2D7D}.Release|Any CPU.ActiveCfg = Release|Any CPU
		{1C8AAF34-70F1-416C-8C84-6AFF56EB2D7D}.Release|Any CPU.Build.0 = Release|Any CPU
	EndGlobalSection
EndGlobal
